
Microsoft Visual Studio Solution File, Format Version 12.00
# Visual Studio Version 17
VisualStudioVersion = 17.4.33205.214
MinimumVisualStudioVersion = 10.0.40219.1
Project("{FAE04EC0-301F-11D3-BF4B-00C04F79EFBC}") = "HexVisualizer", "HexVisualizer\HexVisualizer.csproj", "{80073486-57A2-4B96-B730-C3DF0792F766}"
EndProject
Project("{FAE04EC0-301F-11D3-BF4B-00C04F79EFBC}") = "TestHexVisualizer", "TestHexVisualizer\TestHexVisualizer.csproj", "{88EC115A-C8AC-402E-B4DF-0642DAE5CCF0}"
EndProject
Project("{FAE04EC0-301F-11D3-BF4B-00C04F79EFBC}") = "VsixHexVisualizer", "VsixHexVisualizer\VsixHexVisualizer.csproj", "{59EC5E5E-F3F3-4C8D-8DBE-4117AC415EC1}"
EndProject
Global
	GlobalSection(SolutionConfigurationPlatforms) = preSolution
		Debug|Any CPU = Debug|Any CPU
		Release|Any CPU = Release|Any CPU
	EndGlobalSection
	GlobalSection(ProjectConfigurationPlatforms) = postSolution
		{80073486-57A2-4B96-B730-C3DF0792F766}.Debug|Any CPU.ActiveCfg = Debug|Any CPU
		{80073486-57A2-4B96-B730-C3DF0792F766}.Debug|Any CPU.Build.0 = Debug|Any CPU
		{80073486-57A2-4B96-B730-C3DF0792F766}.Release|Any CPU.ActiveCfg = Release|Any CPU
		{80073486-57A2-4B96-B730-C3DF0792F766}.Release|Any CPU.Build.0 = Release|Any CPU
		{88EC115A-C8AC-402E-B4DF-0642DAE5CCF0}.Debug|Any CPU.ActiveCfg = Debug|Any CPU
		{88EC115A-C8AC-402E-B4DF-0642DAE5CCF0}.Debug|Any CPU.Build.0 = Debug|Any CPU
		{88EC115A-C8AC-402E-B4DF-0642DAE5CCF0}.Release|Any CPU.ActiveCfg = Release|Any CPU
		{88EC115A-C8AC-402E-B4DF-0642DAE5CCF0}.Release|Any CPU.Build.0 = Release|Any CPU
		{59EC5E5E-F3F3-4C8D-8DBE-4117AC415EC1}.Debug|Any CPU.ActiveCfg = Debug|Any CPU
		{59EC5E5E-F3F3-4C8D-8DBE-4117AC415EC1}.Debug|Any CPU.Build.0 = Debug|Any CPU
		{59EC5E5E-F3F3-4C8D-8DBE-4117AC415EC1}.Release|Any CPU.ActiveCfg = Release|Any CPU
		{59EC5E5E-F3F3-4C8D-8DBE-4117AC415EC1}.Release|Any CPU.Build.0 = Release|Any CPU
	EndGlobalSection
	GlobalSection(SolutionProperties) = preSolution
		HideSolutionNode = FALSE
	EndGlobalSection
	GlobalSection(ExtensibilityGlobals) = postSolution
		SolutionGuid = {29A1D7F8-CAE4-485E-A28A-286B92F5FD53}
	EndGlobalSection
EndGlobal
